
Microsoft Visual Studio Solution File, Format Version 12.00
# Visual Studio 15
VisualStudioVersion = 15.0.27004.2009
MinimumVisualStudioVersion = 10.0.40219.1
Project("{FAE04EC0-301F-11D3-BF4B-00C04F79EFBC}") = "SignatureService", "SignatureService\SignatureService.csproj", "{96AB08D3-8815-4837-8C32-29081890A1CD}"
EndProject
Global
	GlobalSection(SolutionConfigurationPlatforms) = preSolution
		Debug|Any CPU = Debug|Any CPU
		Release|Any CPU = Release|Any CPU
	EndGlobalSection
	GlobalSection(ProjectConfigurationPlatforms) = postSolution
		{96AB08D3-8815-4837-8C32-29081890A1CD}.Debug|Any CPU.ActiveCfg = Debug|Any CPU
		{96AB08D3-8815-4837-8C32-29081890A1CD}.Debug|Any CPU.Build.0 = Debug|Any CPU
		{96AB08D3-8815-4837-8C32-29081890A1CD}.Release|Any CPU.ActiveCfg = Release|Any CPU
		{96AB08D3-8815-4837-8C32-29081890A1CD}.Release|Any CPU.Build.0 = Release|Any CPU
	EndGlobalSection
	GlobalSection(SolutionProperties) = preSolution
		HideSolutionNode = FALSE
	EndGlobalSection
	GlobalSection(ExtensibilityGlobals) = postSolution
		SolutionGuid = {527C445C-A37B-4534-9C0E-D2737CBDCCDC}
	EndGlobalSection
EndGlobal
